
Microsoft Visual Studio Solution File, Format Version 12.00
# Visual Studio 2012
Project("{FAE04EC0-301F-11D3-BF4B-00C04F79EFBC}") = "RxTodo", "RxTodo\RxTodo.csproj", "{EFBDF4C7-01FC-49A1-A84E-E6EA52A217E4}"
EndProject
Project("{FAE04EC0-301F-11D3-BF4B-00C04F79EFBC}") = "RxTodo.iOS", "iOS\RxTodo.iOS.csproj", "{3D4DC9FB-E53C-485B-BCD3-AC00B94DAE3F}"
EndProject
Project("{FAE04EC0-301F-11D3-BF4B-00C04F79EFBC}") = "RxTodo.Droid", "Droid\RxTodo.Droid.csproj", "{8D6156F1-C7AB-454C-ABBD-0DA09C889BBF}"
EndProject
Global
	GlobalSection(SolutionConfigurationPlatforms) = preSolution
		Debug|Any CPU = Debug|Any CPU
		Release|Any CPU = Release|Any CPU
		Debug|iPhoneSimulator = Debug|iPhoneSimulator
		Release|iPhone = Release|iPhone
		Release|iPhoneSimulator = Release|iPhoneSimulator
		Debug|iPhone = Debug|iPhone
	EndGlobalSection
	GlobalSection(ProjectConfigurationPlatforms) = postSolution
		{EFBDF4C7-01FC-49A1-A84E-E6EA52A217E4}.Debug|Any CPU.ActiveCfg = Debug|Any CPU
		{EFBDF4C7-01FC-49A1-A84E-E6EA52A217E4}.Debug|Any CPU.Build.0 = Debug|Any CPU
		{EFBDF4C7-01FC-49A1-A84E-E6EA52A217E4}.Release|Any CPU.ActiveCfg = Release|Any CPU
		{EFBDF4C7-01FC-49A1-A84E-E6EA52A217E4}.Release|Any CPU.Build.0 = Release|Any CPU
		{EFBDF4C7-01FC-49A1-A84E-E6EA52A217E4}.Debug|iPhoneSimulator.ActiveCfg = Debug|Any CPU
		{EFBDF4C7-01FC-49A1-A84E-E6EA52A217E4}.Debug|iPhoneSimulator.Build.0 = Debug|Any CPU
		{EFBDF4C7-01FC-49A1-A84E-E6EA52A217E4}.Release|iPhone.ActiveCfg = Release|Any CPU
		{EFBDF4C7-01FC-49A1-A84E-E6EA52A217E4}.Release|iPhone.Build.0 = Release|Any CPU
		{EFBDF4C7-01FC-49A1-A84E-E6EA52A217E4}.Release|iPhoneSimulator.ActiveCfg = Release|Any CPU
		{EFBDF4C7-01FC-49A1-A84E-E6EA52A217E4}.Release|iPhoneSimulator.Build.0 = Release|Any CPU
		{EFBDF4C7-01FC-49A1-A84E-E6EA52A217E4}.Debug|iPhone.ActiveCfg = Debug|Any CPU
		{EFBDF4C7-01FC-49A1-A84E-E6EA52A217E4}.Debug|iPhone.Build.0 = Debug|Any CPU
		{3D4DC9FB-E53C-485B-BCD3-AC00B94DAE3F}.Debug|Any CPU.ActiveCfg = Debug|iPhoneSimulator
		{3D4DC9FB-E53C-485B-BCD3-AC00B94DAE3F}.Debug|Any CPU.Build.0 = Debug|iPhoneSimulator
		{3D4DC9FB-E53C-485B-BCD3-AC00B94DAE3F}.Release|Any CPU.ActiveCfg = Release|iPhone
		{3D4DC9FB-E53C-485B-BCD3-AC00B94DAE3F}.Release|Any CPU.Build.0 = Release|iPhone
		{3D4DC9FB-E53C-485B-BCD3-AC00B94DAE3F}.Debug|iPhoneSimulator.ActiveCfg = Debug|iPhoneSimulator
		{3D4DC9FB-E53C-485B-BCD3-AC00B94DAE3F}.Debug|iPhoneSimulator.Build.0 = Debug|iPhoneSimulator
		{3D4DC9FB-E53C-485B-BCD3-AC00B94DAE3F}.Release|iPhone.ActiveCfg = Release|iPhone
		{3D4DC9FB-E53C-485B-BCD3-AC00B94DAE3F}.Release|iPhone.Build.0 = Release|iPhone
		{3D4DC9FB-E53C-485B-BCD3-AC00B94DAE3F}.Release|iPhoneSimulator.ActiveCfg = Release|iPhoneSimulator
		{3D4DC9FB-E53C-485B-BCD3-AC00B94DAE3F}.Release|iPhoneSimulator.Build.0 = Release|iPhoneSimulator
		{3D4DC9FB-E53C-485B-BCD3-AC00B94DAE3F}.Debug|iPhone.ActiveCfg = Debug|iPhone
		{3D4DC9FB-E53C-485B-BCD3-AC00B94DAE3F}.Debug|iPhone.Build.0 = Debug|iPhone
		{8D6156F1-C7AB-454C-ABBD-0DA09C889BBF}.Debug|Any CPU.ActiveCfg = Debug|Any CPU
		{8D6156F1-C7AB-454C-ABBD-0DA09C889BBF}.Debug|Any CPU.Build.0 = Debug|Any CPU
		{8D6156F1-C7AB-454C-ABBD-0DA09C889BBF}.Release|Any CPU.ActiveCfg = Release|Any CPU
		{8D6156F1-C7AB-454C-ABBD-0DA09C889BBF}.Release|Any CPU.Build.0 = Release|Any CPU
		{8D6156F1-C7AB-454C-ABBD-0DA09C889BBF}.Debug|iPhoneSimulator.ActiveCfg = Debug|Any CPU
		{8D6156F1-C7AB-454C-ABBD-0DA09C889BBF}.Debug|iPhoneSimulator.Build.0 = Debug|Any CPU
		{8D6156F1-C7AB-454C-ABBD-0DA09C889BBF}.Release|iPhone.ActiveCfg = Release|Any CPU
		{8D6156F1-C7AB-454C-ABBD-0DA09C889BBF}.Release|iPhone.Build.0 = Release|Any CPU
		{8D6156F1-C7AB-454C-ABBD-0DA09C889BBF}.Release|iPhoneSimulator.ActiveCfg = Release|Any CPU
		{8D6156F1-C7AB-454C-ABBD-0DA09C889BBF}.Release|iPhoneSimulator.Build.0 = Release|Any CPU
		{8D6156F1-C7AB-454C-ABBD-0DA09C889BBF}.Debug|iPhone.ActiveCfg = Debug|Any CPU
		{8D6156F1-C7AB-454C-ABBD-0DA09C889BBF}.Debug|iPhone.Build.0 = Debug|Any CPU
	EndGlobalSection
EndGlobal
